// !$*UTF8*$!
{
	archiveVersion = 1;
	classes = {
	};
	objectVersion = 55;
	objects = {

/* Begin PBXBuildFile section */
		683B477B276514B5006E7932 /* ActivityIndicatorOverlay.swift in Sources */ = {isa = PBXBuildFile; fileRef = 683B477A276514B5006E7932 /* ActivityIndicatorOverlay.swift */; };
		6843076B2760F6DC00F43B87 /* EndpointsAPI.swift in Sources */ = {isa = PBXBuildFile; fileRef = 6843076A2760F6DC00F43B87 /* EndpointsAPI.swift */; };
		6843076E2760F85F00F43B87 /* RestaurantDTO+Request.swift in Sources */ = {isa = PBXBuildFile; fileRef = 6843076D2760F85F00F43B87 /* RestaurantDTO+Request.swift */; };
		684307712760F8F300F43B87 /* RestaurantDTO+Response.swift in Sources */ = {isa = PBXBuildFile; fileRef = 684307702760F8F300F43B87 /* RestaurantDTO+Response.swift */; };
		684307752760FFC400F43B87 /* DataRestaurantsRepository.swift in Sources */ = {isa = PBXBuildFile; fileRef = 684307742760FFC400F43B87 /* DataRestaurantsRepository.swift */; };
		684307792761007C00F43B87 /* RestaurantRepository.swift in Sources */ = {isa = PBXBuildFile; fileRef = 684307782761007C00F43B87 /* RestaurantRepository.swift */; };
		6843077C2761010700F43B87 /* Restaurant.swift in Sources */ = {isa = PBXBuildFile; fileRef = 6843077B2761010700F43B87 /* Restaurant.swift */; };
		6843077E276122CB00F43B87 /* RestaurantDTO+Mapping.swift in Sources */ = {isa = PBXBuildFile; fileRef = 6843077D276122CB00F43B87 /* RestaurantDTO+Mapping.swift */; };
		6843078327613B2600F43B87 /* FetchRestaurantUseCase.swift in Sources */ = {isa = PBXBuildFile; fileRef = 6843078227613B2600F43B87 /* FetchRestaurantUseCase.swift */; };
		684307852761405300F43B87 /* AppConfig.swift in Sources */ = {isa = PBXBuildFile; fileRef = 684307842761405300F43B87 /* AppConfig.swift */; };
		6843078827615E6A00F43B87 /* AppDIContainer.swift in Sources */ = {isa = PBXBuildFile; fileRef = 6843078727615E6A00F43B87 /* AppDIContainer.swift */; };
		6843078A276161CA00F43B87 /* DIContainer.swift in Sources */ = {isa = PBXBuildFile; fileRef = 68430789276161CA00F43B87 /* DIContainer.swift */; };
		6843078E27616D3400F43B87 /* Observable.swift in Sources */ = {isa = PBXBuildFile; fileRef = 6843078D27616D3400F43B87 /* Observable.swift */; };
		685A2EEE276241500003D37F /* MenuItemFlowLayout.swift in Sources */ = {isa = PBXBuildFile; fileRef = 685A2EED276241500003D37F /* MenuItemFlowLayout.swift */; };
		687BE240275FA67B00BBD4FC /* AppCoordinator.swift in Sources */ = {isa = PBXBuildFile; fileRef = 687BE23F275FA67B00BBD4FC /* AppCoordinator.swift */; };
		687BE242275FA6A100BBD4FC /* Coordinator.swift in Sources */ = {isa = PBXBuildFile; fileRef = 687BE241275FA6A100BBD4FC /* Coordinator.swift */; };
		687BE245275FA76400BBD4FC /* HomeCoordinator.swift in Sources */ = {isa = PBXBuildFile; fileRef = 687BE244275FA76400BBD4FC /* HomeCoordinator.swift */; };
		687BE247275FA79E00BBD4FC /* HomeViewController.swift in Sources */ = {isa = PBXBuildFile; fileRef = 687BE246275FA79E00BBD4FC /* HomeViewController.swift */; };
		687BE249275FA92500BBD4FC /* HomeViewModel.swift in Sources */ = {isa = PBXBuildFile; fileRef = 687BE248275FA92500BBD4FC /* HomeViewModel.swift */; };
		687BE250275FB09200BBD4FC /* NetworkConfig.swift in Sources */ = {isa = PBXBuildFile; fileRef = 687BE24F275FB09200BBD4FC /* NetworkConfig.swift */; };
		687BE252275FB12100BBD4FC /* DataTransferService.swift in Sources */ = {isa = PBXBuildFile; fileRef = 687BE251275FB12100BBD4FC /* DataTransferService.swift */; };
		687BE254275FB5FB00BBD4FC /* NetworkService.swift in Sources */ = {isa = PBXBuildFile; fileRef = 687BE253275FB5FB00BBD4FC /* NetworkService.swift */; };
		687BE256275FB65700BBD4FC /* NetworkError.swift in Sources */ = {isa = PBXBuildFile; fileRef = 687BE255275FB65700BBD4FC /* NetworkError.swift */; };
		687BE258275FB81B00BBD4FC /* Endpoint.swift in Sources */ = {isa = PBXBuildFile; fileRef = 687BE257275FB81B00BBD4FC /* Endpoint.swift */; };
		687BE25A275FBA5200BBD4FC /* HTTPMethod.swift in Sources */ = {isa = PBXBuildFile; fileRef = 687BE259275FBA5200BBD4FC /* HTTPMethod.swift */; };
		687BE25F275FCB4A00BBD4FC /* Requestable.swift in Sources */ = {isa = PBXBuildFile; fileRef = 687BE25E275FCB4A00BBD4FC /* Requestable.swift */; };
		687BE264275FCFF900BBD4FC /* NetworkLogger.swift in Sources */ = {isa = PBXBuildFile; fileRef = 687BE263275FCFF900BBD4FC /* NetworkLogger.swift */; };
		687BE266275FD0D900BBD4FC /* NetworkSessionManager.swift in Sources */ = {isa = PBXBuildFile; fileRef = 687BE265275FD0D900BBD4FC /* NetworkSessionManager.swift */; };
		688B88FE275F975F00A874AB /* AppDelegate.swift in Sources */ = {isa = PBXBuildFile; fileRef = 688B88FD275F975F00A874AB /* AppDelegate.swift */; };
		688B8900275F975F00A874AB /* SceneDelegate.swift in Sources */ = {isa = PBXBuildFile; fileRef = 688B88FF275F975F00A874AB /* SceneDelegate.swift */; };
		688B8907275F975F00A874AB /* Assets.xcassets in Resources */ = {isa = PBXBuildFile; fileRef = 688B8906275F975F00A874AB /* Assets.xcassets */; };
		688B890A275F975F00A874AB /* LaunchScreen.storyboard in Resources */ = {isa = PBXBuildFile; fileRef = 688B8908275F975F00A874AB /* LaunchScreen.storyboard */; };
		688B8915275F975F00A874AB /* RestaurantMenuAppTests.swift in Sources */ = {isa = PBXBuildFile; fileRef = 688B8914275F975F00A874AB /* RestaurantMenuAppTests.swift */; };
		688B891F275F975F00A874AB /* RestaurantMenuAppUITests.swift in Sources */ = {isa = PBXBuildFile; fileRef = 688B891E275F975F00A874AB /* RestaurantMenuAppUITests.swift */; };
		688B8921275F975F00A874AB /* RestaurantMenuAppUITestsLaunchTests.swift in Sources */ = {isa = PBXBuildFile; fileRef = 688B8920275F975F00A874AB /* RestaurantMenuAppUITestsLaunchTests.swift */; };
		688B8938275F9D3700A874AB /* Montserrat-Regular.ttf in Resources */ = {isa = PBXBuildFile; fileRef = 688B8935275F9CFB00A874AB /* Montserrat-Regular.ttf */; };
		688B8939275F9D3900A874AB /* PlayfairDisplay-Regular.ttf in Resources */ = {isa = PBXBuildFile; fileRef = 688B8934275F9CFB00A874AB /* PlayfairDisplay-Regular.ttf */; };
		6890B18A2764054000ECB6DB /* Untitled.json in Resources */ = {isa = PBXBuildFile; fileRef = 6890B1892764054000ECB6DB /* Untitled.json */; };
		68F5EC93275FD5B900D1B289 /* DataTransferError.swift in Sources */ = {isa = PBXBuildFile; fileRef = 68F5EC92275FD5B900D1B289 /* DataTransferError.swift */; };
		68F5EC95275FD60100D1B289 /* ResponseDecoder.swift in Sources */ = {isa = PBXBuildFile; fileRef = 68F5EC94275FD60100D1B289 /* ResponseDecoder.swift */; };
		68F934452761724900099353 /* HomeView.swift in Sources */ = {isa = PBXBuildFile; fileRef = 68F934442761724900099353 /* HomeView.swift */; };
		68F934472761727600099353 /* SceneView.swift in Sources */ = {isa = PBXBuildFile; fileRef = 68F934462761727600099353 /* SceneView.swift */; };
		68F9344A276172C100099353 /* UIView+Extensions.swift in Sources */ = {isa = PBXBuildFile; fileRef = 68F93449276172C100099353 /* UIView+Extensions.swift */; };
		68F9344E27617D7C00099353 /* MenuSectionCell.swift in Sources */ = {isa = PBXBuildFile; fileRef = 68F9344D27617D7C00099353 /* MenuSectionCell.swift */; };
		68F9345127617FAE00099353 /* HomeViewController+UICollectionView.swift in Sources */ = {isa = PBXBuildFile; fileRef = 68F9345027617FAE00099353 /* HomeViewController+UICollectionView.swift */; };
		68F934532761946900099353 /* MenuItemCell.swift in Sources */ = {isa = PBXBuildFile; fileRef = 68F934522761946900099353 /* MenuItemCell.swift */; };
		68F934552761969300099353 /* MenuItemHeaderCell.swift in Sources */ = {isa = PBXBuildFile; fileRef = 68F934542761969300099353 /* MenuItemHeaderCell.swift */; };
/* End PBXBuildFile section */

/* Begin PBXContainerItemProxy section */
		688B8911275F975F00A874AB /* PBXContainerItemProxy */ = {
			isa = PBXContainerItemProxy;
			containerPortal = 688B88F2275F975F00A874AB /* Project object */;
			proxyType = 1;
			remoteGlobalIDString = 688B88F9275F975F00A874AB;
			remoteInfo = RestaurantMenuApp;
		};
		688B891B275F975F00A874AB /* PBXContainerItemProxy */ = {
			isa = PBXContainerItemProxy;
			containerPortal = 688B88F2275F975F00A874AB /* Project object */;
			proxyType = 1;
			remoteGlobalIDString = 688B88F9275F975F00A874AB;
			remoteInfo = RestaurantMenuApp;
		};
/* End PBXContainerItemProxy section */

/* Begin PBXFileReference section */
		683B477A276514B5006E7932 /* ActivityIndicatorOverlay.swift */ = {isa = PBXFileReference; lastKnownFileType = sourcecode.swift; path = ActivityIndicatorOverlay.swift; sourceTree = "<group>"; };
		6843076A2760F6DC00F43B87 /* EndpointsAPI.swift */ = {isa = PBXFileReference; lastKnownFileType = sourcecode.swift; path = EndpointsAPI.swift; sourceTree = "<group>"; };
		6843076D2760F85F00F43B87 /* RestaurantDTO+Request.swift */ = {isa = PBXFileReference; lastKnownFileType = sourcecode.swift; path = "RestaurantDTO+Request.swift"; sourceTree = "<group>"; };
		684307702760F8F300F43B87 /* RestaurantDTO+Response.swift */ = {isa = PBXFileReference; lastKnownFileType = sourcecode.swift; path = "RestaurantDTO+Response.swift"; sourceTree = "<group>"; };
		684307742760FFC400F43B87 /* DataRestaurantsRepository.swift */ = {isa = PBXFileReference; lastKnownFileType = sourcecode.swift; path = DataRestaurantsRepository.swift; sourceTree = "<group>"; };
		684307782761007C00F43B87 /* RestaurantRepository.swift */ = {isa = PBXFileReference; lastKnownFileType = sourcecode.swift; path = RestaurantRepository.swift; sourceTree = "<group>"; };
		6843077B2761010700F43B87 /* Restaurant.swift */ = {isa = PBXFileReference; lastKnownFileType = sourcecode.swift; path = Restaurant.swift; sourceTree = "<group>"; };
		6843077D276122CB00F43B87 /* RestaurantDTO+Mapping.swift */ = {isa = PBXFileReference; lastKnownFileType = sourcecode.swift; path = "RestaurantDTO+Mapping.swift"; sourceTree = "<group>"; };
		6843078227613B2600F43B87 /* FetchRestaurantUseCase.swift */ = {isa = PBXFileReference; lastKnownFileType = sourcecode.swift; path = FetchRestaurantUseCase.swift; sourceTree = "<group>"; };
		684307842761405300F43B87 /* AppConfig.swift */ = {isa = PBXFileReference; lastKnownFileType = sourcecode.swift; path = AppConfig.swift; sourceTree = "<group>"; };
		6843078727615E6A00F43B87 /* AppDIContainer.swift */ = {isa = PBXFileReference; lastKnownFileType = sourcecode.swift; path = AppDIContainer.swift; sourceTree = "<group>"; };
		68430789276161CA00F43B87 /* DIContainer.swift */ = {isa = PBXFileReference; lastKnownFileType = sourcecode.swift; path = DIContainer.swift; sourceTree = "<group>"; };
		6843078D27616D3400F43B87 /* Observable.swift */ = {isa = PBXFileReference; lastKnownFileType = sourcecode.swift; path = Observable.swift; sourceTree = "<group>"; };
		685A2EED276241500003D37F /* MenuItemFlowLayout.swift */ = {isa = PBXFileReference; lastKnownFileType = sourcecode.swift; path = MenuItemFlowLayout.swift; sourceTree = "<group>"; };
		687BE23F275FA67B00BBD4FC /* AppCoordinator.swift */ = {isa = PBXFileReference; lastKnownFileType = sourcecode.swift; path = AppCoordinator.swift; sourceTree = "<group>"; };
		687BE241275FA6A100BBD4FC /* Coordinator.swift */ = {isa = PBXFileReference; lastKnownFileType = sourcecode.swift; path = Coordinator.swift; sourceTree = "<group>"; };
		687BE244275FA76400BBD4FC /* HomeCoordinator.swift */ = {isa = PBXFileReference; lastKnownFileType = sourcecode.swift; path = HomeCoordinator.swift; sourceTree = "<group>"; };
		687BE246275FA79E00BBD4FC /* HomeViewController.swift */ = {isa = PBXFileReference; lastKnownFileType = sourcecode.swift; path = HomeViewController.swift; sourceTree = "<group>"; };
		687BE248275FA92500BBD4FC /* HomeViewModel.swift */ = {isa = PBXFileReference; lastKnownFileType = sourcecode.swift; path = HomeViewModel.swift; sourceTree = "<group>"; };
		687BE24F275FB09200BBD4FC /* NetworkConfig.swift */ = {isa = PBXFileReference; lastKnownFileType = sourcecode.swift; path = NetworkConfig.swift; sourceTree = "<group>"; };
		687BE251275FB12100BBD4FC /* DataTransferService.swift */ = {isa = PBXFileReference; lastKnownFileType = sourcecode.swift; path = DataTransferService.swift; sourceTree = "<group>"; };
		687BE253275FB5FB00BBD4FC /* NetworkService.swift */ = {isa = PBXFileReference; lastKnownFileType = sourcecode.swift; path = NetworkService.swift; sourceTree = "<group>"; };
		687BE255275FB65700BBD4FC /* NetworkError.swift */ = {isa = PBXFileReference; lastKnownFileType = sourcecode.swift; path = NetworkError.swift; sourceTree = "<group>"; };
		687BE257275FB81B00BBD4FC /* Endpoint.swift */ = {isa = PBXFileReference; lastKnownFileType = sourcecode.swift; path = Endpoint.swift; sourceTree = "<group>"; };
		687BE259275FBA5200BBD4FC /* HTTPMethod.swift */ = {isa = PBXFileReference; lastKnownFileType = sourcecode.swift; path = HTTPMethod.swift; sourceTree = "<group>"; };
		687BE25E275FCB4A00BBD4FC /* Requestable.swift */ = {isa = PBXFileReference; lastKnownFileType = sourcecode.swift; path = Requestable.swift; sourceTree = "<group>"; };
		687BE263275FCFF900BBD4FC /* NetworkLogger.swift */ = {isa = PBXFileReference; lastKnownFileType = sourcecode.swift; path = NetworkLogger.swift; sourceTree = "<group>"; };
		687BE265275FD0D900BBD4FC /* NetworkSessionManager.swift */ = {isa = PBXFileReference; lastKnownFileType = sourcecode.swift; path = NetworkSessionManager.swift; sourceTree = "<group>"; };
		688B88FA275F975F00A874AB /* RestaurantMenuApp.app */ = {isa = PBXFileReference; explicitFileType = wrapper.application; includeInIndex = 0; path = RestaurantMenuApp.app; sourceTree = BUILT_PRODUCTS_DIR; };
		688B88FD275F975F00A874AB /* AppDelegate.swift */ = {isa = PBXFileReference; lastKnownFileType = sourcecode.swift; path = AppDelegate.swift; sourceTree = "<group>"; };
		688B88FF275F975F00A874AB /* SceneDelegate.swift */ = {isa = PBXFileReference; lastKnownFileType = sourcecode.swift; path = SceneDelegate.swift; sourceTree = "<group>"; };
		688B8906275F975F00A874AB /* Assets.xcassets */ = {isa = PBXFileReference; lastKnownFileType = folder.assetcatalog; path = Assets.xcassets; sourceTree = "<group>"; };
		688B8909275F975F00A874AB /* Base */ = {isa = PBXFileReference; lastKnownFileType = file.storyboard; name = Base; path = Base.lproj/LaunchScreen.storyboard; sourceTree = "<group>"; };
		688B890B275F975F00A874AB /* Info.plist */ = {isa = PBXFileReference; lastKnownFileType = text.plist.xml; path = Info.plist; sourceTree = "<group>"; };
		688B8910275F975F00A874AB /* RestaurantMenuAppTests.xctest */ = {isa = PBXFileReference; explicitFileType = wrapper.cfbundle; includeInIndex = 0; path = RestaurantMenuAppTests.xctest; sourceTree = BUILT_PRODUCTS_DIR; };
		688B8914275F975F00A874AB /* RestaurantMenuAppTests.swift */ = {isa = PBXFileReference; lastKnownFileType = sourcecode.swift; path = RestaurantMenuAppTests.swift; sourceTree = "<group>"; };
		688B891A275F975F00A874AB /* RestaurantMenuAppUITests.xctest */ = {isa = PBXFileReference; explicitFileType = wrapper.cfbundle; includeInIndex = 0; path = RestaurantMenuAppUITests.xctest; sourceTree = BUILT_PRODUCTS_DIR; };
		688B891E275F975F00A874AB /* RestaurantMenuAppUITests.swift */ = {isa = PBXFileReference; lastKnownFileType = sourcecode.swift; path = RestaurantMenuAppUITests.swift; sourceTree = "<group>"; };
		688B8920275F975F00A874AB /* RestaurantMenuAppUITestsLaunchTests.swift */ = {isa = PBXFileReference; lastKnownFileType = sourcecode.swift; path = RestaurantMenuAppUITestsLaunchTests.swift; sourceTree = "<group>"; };
		688B8934275F9CFB00A874AB /* PlayfairDisplay-Regular.ttf */ = {isa = PBXFileReference; lastKnownFileType = file; path = "PlayfairDisplay-Regular.ttf"; sourceTree = "<group>"; };
		688B8935275F9CFB00A874AB /* Montserrat-Regular.ttf */ = {isa = PBXFileReference; lastKnownFileType = file; path = "Montserrat-Regular.ttf"; sourceTree = "<group>"; };
		6890B1892764054000ECB6DB /* Untitled.json */ = {isa = PBXFileReference; fileEncoding = 4; lastKnownFileType = text.json; path = Untitled.json; sourceTree = "<group>"; };
		68F5EC92275FD5B900D1B289 /* DataTransferError.swift */ = {isa = PBXFileReference; lastKnownFileType = sourcecode.swift; path = DataTransferError.swift; sourceTree = "<group>"; };
		68F5EC94275FD60100D1B289 /* ResponseDecoder.swift */ = {isa = PBXFileReference; lastKnownFileType = sourcecode.swift; path = ResponseDecoder.swift; sourceTree = "<group>"; };
		68F934442761724900099353 /* HomeView.swift */ = {isa = PBXFileReference; lastKnownFileType = sourcecode.swift; path = HomeView.swift; sourceTree = "<group>"; };
		68F934462761727600099353 /* SceneView.swift */ = {isa = PBXFileReference; lastKnownFileType = sourcecode.swift; path = SceneView.swift; sourceTree = "<group>"; };
		68F93449276172C100099353 /* UIView+Extensions.swift */ = {isa = PBXFileReference; lastKnownFileType = sourcecode.swift; path = "UIView+Extensions.swift"; sourceTree = "<group>"; };
		68F9344D27617D7C00099353 /* MenuSectionCell.swift */ = {isa = PBXFileReference; lastKnownFileType = sourcecode.swift; path = MenuSectionCell.swift; sourceTree = "<group>"; };
		68F9345027617FAE00099353 /* HomeViewController+UICollectionView.swift */ = {isa = PBXFileReference; lastKnownFileType = sourcecode.swift; path = "HomeViewController+UICollectionView.swift"; sourceTree = "<group>"; };
		68F934522761946900099353 /* MenuItemCell.swift */ = {isa = PBXFileReference; lastKnownFileType = sourcecode.swift; path = MenuItemCell.swift; sourceTree = "<group>"; };
		68F934542761969300099353 /* MenuItemHeaderCell.swift */ = {isa = PBXFileReference; lastKnownFileType = sourcecode.swift; path = MenuItemHeaderCell.swift; sourceTree = "<group>"; };
/* End PBXFileReference section */

/* Begin PBXFrameworksBuildPhase section */
		688B88F7275F975F00A874AB /* Frameworks */ = {
			isa = PBXFrameworksBuildPhase;
			buildActionMask = 2147483647;
			files = (
			);
			runOnlyForDeploymentPostprocessing = 0;
		};
		688B890D275F975F00A874AB /* Frameworks */ = {
			isa = PBXFrameworksBuildPhase;
			buildActionMask = 2147483647;
			files = (
			);
			runOnlyForDeploymentPostprocessing = 0;
		};
		688B8917275F975F00A874AB /* Frameworks */ = {
			isa = PBXFrameworksBuildPhase;
			buildActionMask = 2147483647;
			files = (
			);
			runOnlyForDeploymentPostprocessing = 0;
		};
/* End PBXFrameworksBuildPhase section */

/* Begin PBXGroup section */
		683B4779276514A9006E7932 /* Views */ = {
			isa = PBXGroup;
			children = (
				68F934462761727600099353 /* SceneView.swift */,
				683B477A276514B5006E7932 /* ActivityIndicatorOverlay.swift */,
			);
			path = Views;
			sourceTree = "<group>";
		};
		6843076C2760F84000F43B87 /* DTOs */ = {
			isa = PBXGroup;
			children = (
				684307722760FD0E00F43B87 /* Request */,
				684307732760FD1100F43B87 /* Response */,
			);
			path = DTOs;
			sourceTree = "<group>";
		};
		684307722760FD0E00F43B87 /* Request */ = {
			isa = PBXGroup;
			children = (
				6843076D2760F85F00F43B87 /* RestaurantDTO+Request.swift */,
			);
			path = Request;
			sourceTree = "<group>";
		};
		684307732760FD1100F43B87 /* Response */ = {
			isa = PBXGroup;
			children = (
				684307702760F8F300F43B87 /* RestaurantDTO+Response.swift */,
				6843077D276122CB00F43B87 /* RestaurantDTO+Mapping.swift */,
			);
			path = Response;
			sourceTree = "<group>";
		};
		684307762761002F00F43B87 /* Domain */ = {
			isa = PBXGroup;
			children = (
				6843077A276100FD00F43B87 /* Models */,
				684307772761004D00F43B87 /* Repositories */,
				6843078127613A7800F43B87 /* UseCases */,
			);
			path = Domain;
			sourceTree = "<group>";
		};
		684307772761004D00F43B87 /* Repositories */ = {
			isa = PBXGroup;
			children = (
				684307782761007C00F43B87 /* RestaurantRepository.swift */,
			);
			path = Repositories;
			sourceTree = "<group>";
		};
		6843077A276100FD00F43B87 /* Models */ = {
			isa = PBXGroup;
			children = (
				6843077B2761010700F43B87 /* Restaurant.swift */,
			);
			path = Models;
			sourceTree = "<group>";
		};
		6843078127613A7800F43B87 /* UseCases */ = {
			isa = PBXGroup;
			children = (
				6843078227613B2600F43B87 /* FetchRestaurantUseCase.swift */,
			);
			path = UseCases;
			sourceTree = "<group>";
		};
		6843078627615DBE00F43B87 /* DependencyInjection */ = {
			isa = PBXGroup;
			children = (
				6843078727615E6A00F43B87 /* AppDIContainer.swift */,
				68430789276161CA00F43B87 /* DIContainer.swift */,
			);
			path = DependencyInjection;
			sourceTree = "<group>";
		};
		6843078B27616D1400F43B87 /* Presentation */ = {
			isa = PBXGroup;
			children = (
				688B8932275F9C1F00A874AB /* Scenes */,
				6843078C27616D2400F43B87 /* Utils */,
			);
			path = Presentation;
			sourceTree = "<group>";
		};
		6843078C27616D2400F43B87 /* Utils */ = {
			isa = PBXGroup;
			children = (
				683B4779276514A9006E7932 /* Views */,
				685A2EEF276241B80003D37F /* FlowLayouts */,
				68F93448276172B300099353 /* Extensions */,
				6843078D27616D3400F43B87 /* Observable.swift */,
			);
			path = Utils;
			sourceTree = "<group>";
		};
		685A2EEF276241B80003D37F /* FlowLayouts */ = {
			isa = PBXGroup;
			children = (
				685A2EED276241500003D37F /* MenuItemFlowLayout.swift */,
			);
			path = FlowLayouts;
			sourceTree = "<group>";
		};
		687BE243275FA71200BBD4FC /* Home */ = {
			isa = PBXGroup;
			children = (
				68F9344F27617F8600099353 /* Cells */,
				687BE244275FA76400BBD4FC /* HomeCoordinator.swift */,
				68F934442761724900099353 /* HomeView.swift */,
				687BE246275FA79E00BBD4FC /* HomeViewController.swift */,
				68F9345027617FAE00099353 /* HomeViewController+UICollectionView.swift */,
				687BE248275FA92500BBD4FC /* HomeViewModel.swift */,
			);
			path = Home;
			sourceTree = "<group>";
		};
		687BE24E275FB01400BBD4FC /* Network */ = {
			isa = PBXGroup;
			children = (
				687BE26B275FD4B700BBD4FC /* DataTransfer */,
				687BE26A275FD43C00BBD4FC /* Request */,
				687BE24F275FB09200BBD4FC /* NetworkConfig.swift */,
				687BE253275FB5FB00BBD4FC /* NetworkService.swift */,
				687BE265275FD0D900BBD4FC /* NetworkSessionManager.swift */,
				687BE255275FB65700BBD4FC /* NetworkError.swift */,
				687BE263275FCFF900BBD4FC /* NetworkLogger.swift */,
			);
			path = Network;
			sourceTree = "<group>";
		};
		687BE26A275FD43C00BBD4FC /* Request */ = {
			isa = PBXGroup;
			children = (
				687BE257275FB81B00BBD4FC /* Endpoint.swift */,
				687BE259275FBA5200BBD4FC /* HTTPMethod.swift */,
				687BE25E275FCB4A00BBD4FC /* Requestable.swift */,
			);
			path = Request;
			sourceTree = "<group>";
		};
		687BE26B275FD4B700BBD4FC /* DataTransfer */ = {
			isa = PBXGroup;
			children = (
				687BE251275FB12100BBD4FC /* DataTransferService.swift */,
				68F5EC92275FD5B900D1B289 /* DataTransferError.swift */,
				68F5EC94275FD60100D1B289 /* ResponseDecoder.swift */,
			);
			path = DataTransfer;
			sourceTree = "<group>";
		};
		688B88F1275F975F00A874AB = {
			isa = PBXGroup;
			children = (
				688B88FC275F975F00A874AB /* RestaurantMenuApp */,
				688B8913275F975F00A874AB /* RestaurantMenuAppTests */,
				688B891D275F975F00A874AB /* RestaurantMenuAppUITests */,
				688B88FB275F975F00A874AB /* Products */,
			);
			sourceTree = "<group>";
		};
		688B88FB275F975F00A874AB /* Products */ = {
			isa = PBXGroup;
			children = (
				688B88FA275F975F00A874AB /* RestaurantMenuApp.app */,
				688B8910275F975F00A874AB /* RestaurantMenuAppTests.xctest */,
				688B891A275F975F00A874AB /* RestaurantMenuAppUITests.xctest */,
			);
			name = Products;
			sourceTree = "<group>";
		};
		688B88FC275F975F00A874AB /* RestaurantMenuApp */ = {
			isa = PBXGroup;
			children = (
				688B892D275F9BA800A874AB /* Application */,
				68E23BA22760E3D500FB3EBC /* Data */,
				684307762761002F00F43B87 /* Domain */,
				687BE24E275FB01400BBD4FC /* Network */,
				6843078B27616D1400F43B87 /* Presentation */,
				688B892F275F9BC500A874AB /* Resources */,
				688B892E275F9BAC00A874AB /* UIKit */,
			);
			path = RestaurantMenuApp;
			sourceTree = "<group>";
		};
		688B8913275F975F00A874AB /* RestaurantMenuAppTests */ = {
			isa = PBXGroup;
			children = (
				688B8914275F975F00A874AB /* RestaurantMenuAppTests.swift */,
			);
			path = RestaurantMenuAppTests;
			sourceTree = "<group>";
		};
		688B891D275F975F00A874AB /* RestaurantMenuAppUITests */ = {
			isa = PBXGroup;
			children = (
				688B891E275F975F00A874AB /* RestaurantMenuAppUITests.swift */,
				688B8920275F975F00A874AB /* RestaurantMenuAppUITestsLaunchTests.swift */,
			);
			path = RestaurantMenuAppUITests;
			sourceTree = "<group>";
		};
		688B892D275F9BA800A874AB /* Application */ = {
			isa = PBXGroup;
			children = (
				6843078627615DBE00F43B87 /* DependencyInjection */,
				688B88FD275F975F00A874AB /* AppDelegate.swift */,
				687BE23F275FA67B00BBD4FC /* AppCoordinator.swift */,
				687BE241275FA6A100BBD4FC /* Coordinator.swift */,
				688B88FF275F975F00A874AB /* SceneDelegate.swift */,
				684307842761405300F43B87 /* AppConfig.swift */,
			);
			path = Application;
			sourceTree = "<group>";
		};
		688B892E275F9BAC00A874AB /* UIKit */ = {
			isa = PBXGroup;
			children = (
			);
			path = UIKit;
			sourceTree = "<group>";
		};
		688B892F275F9BC500A874AB /* Resources */ = {
			isa = PBXGroup;
			children = (
				6890B1892764054000ECB6DB /* Untitled.json */,
				688B8933275F9CD400A874AB /* Fonts */,
				688B8906275F975F00A874AB /* Assets.xcassets */,
				688B8908275F975F00A874AB /* LaunchScreen.storyboard */,
				688B890B275F975F00A874AB /* Info.plist */,
			);
			path = Resources;
			sourceTree = "<group>";
		};
		688B8932275F9C1F00A874AB /* Scenes */ = {
			isa = PBXGroup;
			children = (
				687BE243275FA71200BBD4FC /* Home */,
			);
			path = Scenes;
			sourceTree = "<group>";
		};
		688B8933275F9CD400A874AB /* Fonts */ = {
			isa = PBXGroup;
			children = (
				688B8936275F9D0D00A874AB /* Montserrat */,
				688B8937275F9D1300A874AB /* PlayfairDisplay */,
			);
			path = Fonts;
			sourceTree = "<group>";
		};
		688B8936275F9D0D00A874AB /* Montserrat */ = {
			isa = PBXGroup;
			children = (
				688B8935275F9CFB00A874AB /* Montserrat-Regular.ttf */,
			);
			path = Montserrat;
			sourceTree = "<group>";
		};
		688B8937275F9D1300A874AB /* PlayfairDisplay */ = {
			isa = PBXGroup;
			children = (
				688B8934275F9CFB00A874AB /* PlayfairDisplay-Regular.ttf */,
			);
			path = PlayfairDisplay;
			sourceTree = "<group>";
		};
		68E23BA22760E3D500FB3EBC /* Data */ = {
			isa = PBXGroup;
			children = (
				68E23BA42760E3E300FB3EBC /* Network */,
				68E23BA32760E3DD00FB3EBC /* Repositories */,
			);
			path = Data;
			sourceTree = "<group>";
		};
		68E23BA32760E3DD00FB3EBC /* Repositories */ = {
			isa = PBXGroup;
			children = (
				684307742760FFC400F43B87 /* DataRestaurantsRepository.swift */,
			);
			path = Repositories;
			sourceTree = "<group>";
		};
		68E23BA42760E3E300FB3EBC /* Network */ = {
			isa = PBXGroup;
			children = (
				6843076C2760F84000F43B87 /* DTOs */,
				6843076A2760F6DC00F43B87 /* EndpointsAPI.swift */,
			);
			path = Network;
			sourceTree = "<group>";
		};
		68F93448276172B300099353 /* Extensions */ = {
			isa = PBXGroup;
			children = (
				68F93449276172C100099353 /* UIView+Extensions.swift */,
			);
			path = Extensions;
			sourceTree = "<group>";
		};
		68F9344F27617F8600099353 /* Cells */ = {
			isa = PBXGroup;
			children = (
				68F9344D27617D7C00099353 /* MenuSectionCell.swift */,
				68F934542761969300099353 /* MenuItemHeaderCell.swift */,
				68F934522761946900099353 /* MenuItemCell.swift */,
			);
			path = Cells;
			sourceTree = "<group>";
		};
/* End PBXGroup section */

/* Begin PBXNativeTarget section */
		688B88F9275F975F00A874AB /* RestaurantMenuApp */ = {
			isa = PBXNativeTarget;
			buildConfigurationList = 688B8924275F975F00A874AB /* Build configuration list for PBXNativeTarget "RestaurantMenuApp" */;
			buildPhases = (
				688B88F6275F975F00A874AB /* Sources */,
				688B88F7275F975F00A874AB /* Frameworks */,
				688B88F8275F975F00A874AB /* Resources */,
			);
			buildRules = (
			);
			dependencies = (
			);
			name = RestaurantMenuApp;
			productName = RestaurantMenuApp;
			productReference = 688B88FA275F975F00A874AB /* RestaurantMenuApp.app */;
			productType = "com.apple.product-type.application";
		};
		688B890F275F975F00A874AB /* RestaurantMenuAppTests */ = {
			isa = PBXNativeTarget;
			buildConfigurationList = 688B8927275F975F00A874AB /* Build configuration list for PBXNativeTarget "RestaurantMenuAppTests" */;
			buildPhases = (
				688B890C275F975F00A874AB /* Sources */,
				688B890D275F975F00A874AB /* Frameworks */,
				688B890E275F975F00A874AB /* Resources */,
			);
			buildRules = (
			);
			dependencies = (
				688B8912275F975F00A874AB /* PBXTargetDependency */,
			);
			name = RestaurantMenuAppTests;
			productName = RestaurantMenuAppTests;
			productReference = 688B8910275F975F00A874AB /* RestaurantMenuAppTests.xctest */;
			productType = "com.apple.product-type.bundle.unit-test";
		};
		688B8919275F975F00A874AB /* RestaurantMenuAppUITests */ = {
			isa = PBXNativeTarget;
			buildConfigurationList = 688B892A275F975F00A874AB /* Build configuration list for PBXNativeTarget "RestaurantMenuAppUITests" */;
			buildPhases = (
				688B8916275F975F00A874AB /* Sources */,
				688B8917275F975F00A874AB /* Frameworks */,
				688B8918275F975F00A874AB /* Resources */,
			);
			buildRules = (
			);
			dependencies = (
				688B891C275F975F00A874AB /* PBXTargetDependency */,
			);
			name = RestaurantMenuAppUITests;
			productName = RestaurantMenuAppUITests;
			productReference = 688B891A275F975F00A874AB /* RestaurantMenuAppUITests.xctest */;
			productType = "com.apple.product-type.bundle.ui-testing";
		};
/* End PBXNativeTarget section */

/* Begin PBXProject section */
		688B88F2275F975F00A874AB /* Project object */ = {
			isa = PBXProject;
			attributes = {
				BuildIndependentTargetsInParallel = 1;
				LastSwiftUpdateCheck = 1310;
				LastUpgradeCheck = 1310;
				TargetAttributes = {
					688B88F9275F975F00A874AB = {
						CreatedOnToolsVersion = 13.1;
					};
					688B890F275F975F00A874AB = {
						CreatedOnToolsVersion = 13.1;
						TestTargetID = 688B88F9275F975F00A874AB;
					};
					688B8919275F975F00A874AB = {
						CreatedOnToolsVersion = 13.1;
						TestTargetID = 688B88F9275F975F00A874AB;
					};
				};
			};
			buildConfigurationList = 688B88F5275F975F00A874AB /* Build configuration list for PBXProject "RestaurantMenuApp" */;
			compatibilityVersion = "Xcode 13.0";
			developmentRegion = en;
			hasScannedForEncodings = 0;
			knownRegions = (
				en,
				Base,
			);
			mainGroup = 688B88F1275F975F00A874AB;
			productRefGroup = 688B88FB275F975F00A874AB /* Products */;
			projectDirPath = "";
			projectRoot = "";
			targets = (
				688B88F9275F975F00A874AB /* RestaurantMenuApp */,
				688B890F275F975F00A874AB /* RestaurantMenuAppTests */,
				688B8919275F975F00A874AB /* RestaurantMenuAppUITests */,
			);
		};
/* End PBXProject section */

/* Begin PBXResourcesBuildPhase section */
		688B88F8275F975F00A874AB /* Resources */ = {
			isa = PBXResourcesBuildPhase;
			buildActionMask = 2147483647;
			files = (
				688B890A275F975F00A874AB /* LaunchScreen.storyboard in Resources */,
				6890B18A2764054000ECB6DB /* Untitled.json in Resources */,
				688B8907275F975F00A874AB /* Assets.xcassets in Resources */,
				688B8938275F9D3700A874AB /* Montserrat-Regular.ttf in Resources */,
				688B8939275F9D3900A874AB /* PlayfairDisplay-Regular.ttf in Resources */,
			);
			runOnlyForDeploymentPostprocessing = 0;
		};
		688B890E275F975F00A874AB /* Resources */ = {
			isa = PBXResourcesBuildPhase;
			buildActionMask = 2147483647;
			files = (
			);
			runOnlyForDeploymentPostprocessing = 0;
		};
		688B8918275F975F00A874AB /* Resources */ = {
			isa = PBXResourcesBuildPhase;
			buildActionMask = 2147483647;
			files = (
			);
			runOnlyForDeploymentPostprocessing = 0;
		};
/* End PBXResourcesBuildPhase section */

/* Begin PBXSourcesBuildPhase section */
		688B88F6275F975F00A874AB /* Sources */ = {
			isa = PBXSourcesBuildPhase;
			buildActionMask = 2147483647;
			files = (
				68F934532761946900099353 /* MenuItemCell.swift in Sources */,
				6843078827615E6A00F43B87 /* AppDIContainer.swift in Sources */,
				684307852761405300F43B87 /* AppConfig.swift in Sources */,
				685A2EEE276241500003D37F /* MenuItemFlowLayout.swift in Sources */,
				687BE25F275FCB4A00BBD4FC /* Requestable.swift in Sources */,
				687BE254275FB5FB00BBD4FC /* NetworkService.swift in Sources */,
				687BE240275FA67B00BBD4FC /* AppCoordinator.swift in Sources */,
				687BE242275FA6A100BBD4FC /* Coordinator.swift in Sources */,
				687BE249275FA92500BBD4FC /* HomeViewModel.swift in Sources */,
				688B88FE275F975F00A874AB /* AppDelegate.swift in Sources */,
				687BE252275FB12100BBD4FC /* DataTransferService.swift in Sources */,
				68F5EC93275FD5B900D1B289 /* DataTransferError.swift in Sources */,
				688B8900275F975F00A874AB /* SceneDelegate.swift in Sources */,
				687BE247275FA79E00BBD4FC /* HomeViewController.swift in Sources */,
				68F9345127617FAE00099353 /* HomeViewController+UICollectionView.swift in Sources */,
				684307752760FFC400F43B87 /* DataRestaurantsRepository.swift in Sources */,
				687BE250275FB09200BBD4FC /* NetworkConfig.swift in Sources */,
				683B477B276514B5006E7932 /* ActivityIndicatorOverlay.swift in Sources */,
				687BE245275FA76400BBD4FC /* HomeCoordinator.swift in Sources */,
				6843078327613B2600F43B87 /* FetchRestaurantUseCase.swift in Sources */,
				68F934452761724900099353 /* HomeView.swift in Sources */,
				6843078E27616D3400F43B87 /* Observable.swift in Sources */,
				68F934552761969300099353 /* MenuItemHeaderCell.swift in Sources */,
				687BE264275FCFF900BBD4FC /* NetworkLogger.swift in Sources */,
				68F934472761727600099353 /* SceneView.swift in Sources */,
				687BE25A275FBA5200BBD4FC /* HTTPMethod.swift in Sources */,
				68F9344A276172C100099353 /* UIView+Extensions.swift in Sources */,
				684307712760F8F300F43B87 /* RestaurantDTO+Response.swift in Sources */,
				687BE258275FB81B00BBD4FC /* Endpoint.swift in Sources */,
				6843076B2760F6DC00F43B87 /* EndpointsAPI.swift in Sources */,
				687BE256275FB65700BBD4FC /* NetworkError.swift in Sources */,
				68F5EC95275FD60100D1B289 /* ResponseDecoder.swift in Sources */,
				6843078A276161CA00F43B87 /* DIContainer.swift in Sources */,
				68F9344E27617D7C00099353 /* MenuSectionCell.swift in Sources */,
				6843077C2761010700F43B87 /* Restaurant.swift in Sources */,
				6843076E2760F85F00F43B87 /* RestaurantDTO+Request.swift in Sources */,
				684307792761007C00F43B87 /* RestaurantRepository.swift in Sources */,
				687BE266275FD0D900BBD4FC /* NetworkSessionManager.swift in Sources */,
				6843077E276122CB00F43B87 /* RestaurantDTO+Mapping.swift in Sources */,
			);
			runOnlyForDeploymentPostprocessing = 0;
		};
		688B890C275F975F00A874AB /* Sources */ = {
			isa = PBXSourcesBuildPhase;
			buildActionMask = 2147483647;
			files = (
				688B8915275F975F00A874AB /* RestaurantMenuAppTests.swift in Sources */,
			);
			runOnlyForDeploymentPostprocessing = 0;
		};
		688B8916275F975F00A874AB /* Sources */ = {
			isa = PBXSourcesBuildPhase;
			buildActionMask = 2147483647;
			files = (
				688B8921275F975F00A874AB /* RestaurantMenuAppUITestsLaunchTests.swift in Sources */,
				688B891F275F975F00A874AB /* RestaurantMenuAppUITests.swift in Sources */,
			);
			runOnlyForDeploymentPostprocessing = 0;
		};
/* End PBXSourcesBuildPhase section */

/* Begin PBXTargetDependency section */
		688B8912275F975F00A874AB /* PBXTargetDependency */ = {
			isa = PBXTargetDependency;
			target = 688B88F9275F975F00A874AB /* RestaurantMenuApp */;
			targetProxy = 688B8911275F975F00A874AB /* PBXContainerItemProxy */;
		};
		688B891C275F975F00A874AB /* PBXTargetDependency */ = {
			isa = PBXTargetDependency;
			target = 688B88F9275F975F00A874AB /* RestaurantMenuApp */;
			targetProxy = 688B891B275F975F00A874AB /* PBXContainerItemProxy */;
		};
/* End PBXTargetDependency section */

/* Begin PBXVariantGroup section */
		688B8908275F975F00A874AB /* LaunchScreen.storyboard */ = {
			isa = PBXVariantGroup;
			children = (
				688B8909275F975F00A874AB /* Base */,
			);
			name = LaunchScreen.storyboard;
			sourceTree = "<group>";
		};
/* End PBXVariantGroup section */

/* Begin XCBuildConfiguration section */
		688B8922275F975F00A874AB /* Debug */ = {
			isa = XCBuildConfiguration;
			buildSettings = {
				ALWAYS_SEARCH_USER_PATHS = NO;
				CLANG_ANALYZER_NONNULL = YES;
				CLANG_ANALYZER_NUMBER_OBJECT_CONVERSION = YES_AGGRESSIVE;
				CLANG_CXX_LANGUAGE_STANDARD = "gnu++17";
				CLANG_CXX_LIBRARY = "libc++";
				CLANG_ENABLE_MODULES = YES;
				CLANG_ENABLE_OBJC_ARC = YES;
				CLANG_ENABLE_OBJC_WEAK = YES;
				CLANG_WARN_BLOCK_CAPTURE_AUTORELEASING = YES;
				CLANG_WARN_BOOL_CONVERSION = YES;
				CLANG_WARN_COMMA = YES;
				CLANG_WARN_CONSTANT_CONVERSION = YES;
				CLANG_WARN_DEPRECATED_OBJC_IMPLEMENTATIONS = YES;
				CLANG_WARN_DIRECT_OBJC_ISA_USAGE = YES_ERROR;
				CLANG_WARN_DOCUMENTATION_COMMENTS = YES;
				CLANG_WARN_EMPTY_BODY = YES;
				CLANG_WARN_ENUM_CONVERSION = YES;
				CLANG_WARN_INFINITE_RECURSION = YES;
				CLANG_WARN_INT_CONVERSION = YES;
				CLANG_WARN_NON_LITERAL_NULL_CONVERSION = YES;
				CLANG_WARN_OBJC_IMPLICIT_RETAIN_SELF = YES;
				CLANG_WARN_OBJC_LITERAL_CONVERSION = YES;
				CLANG_WARN_OBJC_ROOT_CLASS = YES_ERROR;
				CLANG_WARN_QUOTED_INCLUDE_IN_FRAMEWORK_HEADER = YES;
				CLANG_WARN_RANGE_LOOP_ANALYSIS = YES;
				CLANG_WARN_STRICT_PROTOTYPES = YES;
				CLANG_WARN_SUSPICIOUS_MOVE = YES;
				CLANG_WARN_UNGUARDED_AVAILABILITY = YES_AGGRESSIVE;
				CLANG_WARN_UNREACHABLE_CODE = YES;
				CLANG_WARN__DUPLICATE_METHOD_MATCH = YES;
				COPY_PHASE_STRIP = NO;
				DEBUG_INFORMATION_FORMAT = dwarf;
				ENABLE_STRICT_OBJC_MSGSEND = YES;
				ENABLE_TESTABILITY = YES;
				GCC_C_LANGUAGE_STANDARD = gnu11;
				GCC_DYNAMIC_NO_PIC = NO;
				GCC_NO_COMMON_BLOCKS = YES;
				GCC_OPTIMIZATION_LEVEL = 0;
				GCC_PREPROCESSOR_DEFINITIONS = (
					"DEBUG=1",
					"$(inherited)",
				);
				GCC_WARN_64_TO_32_BIT_CONVERSION = YES;
				GCC_WARN_ABOUT_RETURN_TYPE = YES_ERROR;
				GCC_WARN_UNDECLARED_SELECTOR = YES;
				GCC_WARN_UNINITIALIZED_AUTOS = YES_AGGRESSIVE;
				GCC_WARN_UNUSED_FUNCTION = YES;
				GCC_WARN_UNUSED_VARIABLE = YES;
				IPHONEOS_DEPLOYMENT_TARGET = 15.0;
				MTL_ENABLE_DEBUG_INFO = INCLUDE_SOURCE;
				MTL_FAST_MATH = YES;
				ONLY_ACTIVE_ARCH = YES;
				SDKROOT = iphoneos;
				SWIFT_ACTIVE_COMPILATION_CONDITIONS = DEBUG;
				SWIFT_OPTIMIZATION_LEVEL = "-Onone";
			};
			name = Debug;
		};
		688B8923275F975F00A874AB /* Release */ = {
			isa = XCBuildConfiguration;
			buildSettings = {
				ALWAYS_SEARCH_USER_PATHS = NO;
				CLANG_ANALYZER_NONNULL = YES;
				CLANG_ANALYZER_NUMBER_OBJECT_CONVERSION = YES_AGGRESSIVE;
				CLANG_CXX_LANGUAGE_STANDARD = "gnu++17";
				CLANG_CXX_LIBRARY = "libc++";
				CLANG_ENABLE_MODULES = YES;
				CLANG_ENABLE_OBJC_ARC = YES;
				CLANG_ENABLE_OBJC_WEAK = YES;
				CLANG_WARN_BLOCK_CAPTURE_AUTORELEASING = YES;
				CLANG_WARN_BOOL_CONVERSION = YES;
				CLANG_WARN_COMMA = YES;
				CLANG_WARN_CONSTANT_CONVERSION = YES;
				CLANG_WARN_DEPRECATED_OBJC_IMPLEMENTATIONS = YES;
				CLANG_WARN_DIRECT_OBJC_ISA_USAGE = YES_ERROR;
				CLANG_WARN_DOCUMENTATION_COMMENTS = YES;
				CLANG_WARN_EMPTY_BODY = YES;
				CLANG_WARN_ENUM_CONVERSION = YES;
				CLANG_WARN_INFINITE_RECURSION = YES;
				CLANG_WARN_INT_CONVERSION = YES;
				CLANG_WARN_NON_LITERAL_NULL_CONVERSION = YES;
				CLANG_WARN_OBJC_IMPLICIT_RETAIN_SELF = YES;
				CLANG_WARN_OBJC_LITERAL_CONVERSION = YES;
				CLANG_WARN_OBJC_ROOT_CLASS = YES_ERROR;
				CLANG_WARN_QUOTED_INCLUDE_IN_FRAMEWORK_HEADER = YES;
				CLANG_WARN_RANGE_LOOP_ANALYSIS = YES;
				CLANG_WARN_STRICT_PROTOTYPES = YES;
				CLANG_WARN_SUSPICIOUS_MOVE = YES;
				CLANG_WARN_UNGUARDED_AVAILABILITY = YES_AGGRESSIVE;
				CLANG_WARN_UNREACHABLE_CODE = YES;
				CLANG_WARN__DUPLICATE_METHOD_MATCH = YES;
				COPY_PHASE_STRIP = NO;
				DEBUG_INFORMATION_FORMAT = "dwarf-with-dsym";
				ENABLE_NS_ASSERTIONS = NO;
				ENABLE_STRICT_OBJC_MSGSEND = YES;
				GCC_C_LANGUAGE_STANDARD = gnu11;
				GCC_NO_COMMON_BLOCKS = YES;
				GCC_WARN_64_TO_32_BIT_CONVERSION = YES;
				GCC_WARN_ABOUT_RETURN_TYPE = YES_ERROR;
				GCC_WARN_UNDECLARED_SELECTOR = YES;
				GCC_WARN_UNINITIALIZED_AUTOS = YES_AGGRESSIVE;
				GCC_WARN_UNUSED_FUNCTION = YES;
				GCC_WARN_UNUSED_VARIABLE = YES;
				IPHONEOS_DEPLOYMENT_TARGET = 15.0;
				MTL_ENABLE_DEBUG_INFO = NO;
				MTL_FAST_MATH = YES;
				SDKROOT = iphoneos;
				SWIFT_COMPILATION_MODE = wholemodule;
				SWIFT_OPTIMIZATION_LEVEL = "-O";
				VALIDATE_PRODUCT = YES;
			};
			name = Release;
		};
		688B8925275F975F00A874AB /* Debug */ = {
			isa = XCBuildConfiguration;
			buildSettings = {
				ASSETCATALOG_COMPILER_APPICON_NAME = AppIcon;
				ASSETCATALOG_COMPILER_GLOBAL_ACCENT_COLOR_NAME = AccentColor;
				ASSETCATALOG_COMPILER_INCLUDE_ALL_APPICON_ASSETS = YES;
				CODE_SIGN_STYLE = Automatic;
				CURRENT_PROJECT_VERSION = 1;
				DEVELOPMENT_TEAM = NRCKZ2X8HA;
				GENERATE_INFOPLIST_FILE = YES;
				INFOPLIST_FILE = RestaurantMenuApp/Resources/Info.plist;
				INFOPLIST_KEY_LSApplicationCategoryType = "";
				INFOPLIST_KEY_UIApplicationSupportsIndirectInputEvents = YES;
				INFOPLIST_KEY_UILaunchStoryboardName = LaunchScreen;
				INFOPLIST_KEY_UISupportedInterfaceOrientations_iPad = "UIInterfaceOrientationPortrait UIInterfaceOrientationPortraitUpsideDown UIInterfaceOrientationLandscapeLeft UIInterfaceOrientationLandscapeRight";
				INFOPLIST_KEY_UISupportedInterfaceOrientations_iPhone = "UIInterfaceOrientationPortrait UIInterfaceOrientationLandscapeLeft UIInterfaceOrientationLandscapeRight";
				LD_RUNPATH_SEARCH_PATHS = (
					"$(inherited)",
					"@executable_path/Frameworks",
				);
				MARKETING_VERSION = 1.0;
				PRODUCT_BUNDLE_IDENTIFIER = com.raphael.viniciuss.RestaurantMenuApp;
				PRODUCT_NAME = "$(TARGET_NAME)";
				SWIFT_EMIT_LOC_STRINGS = YES;
				SWIFT_VERSION = 5.0;
				TARGETED_DEVICE_FAMILY = "1,2";
			};
			name = Debug;
		};
		688B8926275F975F00A874AB /* Release */ = {
			isa = XCBuildConfiguration;
			buildSettings = {
				ASSETCATALOG_COMPILER_APPICON_NAME = AppIcon;
				ASSETCATALOG_COMPILER_GLOBAL_ACCENT_COLOR_NAME = AccentColor;
				ASSETCATALOG_COMPILER_INCLUDE_ALL_APPICON_ASSETS = YES;
				CODE_SIGN_STYLE = Automatic;
				CURRENT_PROJECT_VERSION = 1;
				DEVELOPMENT_TEAM = NRCKZ2X8HA;
				GENERATE_INFOPLIST_FILE = YES;
				INFOPLIST_FILE = RestaurantMenuApp/Resources/Info.plist;
				INFOPLIST_KEY_LSApplicationCategoryType = "";
				INFOPLIST_KEY_UIApplicationSupportsIndirectInputEvents = YES;
				INFOPLIST_KEY_UILaunchStoryboardName = LaunchScreen;
				INFOPLIST_KEY_UISupportedInterfaceOrientations_iPad = "UIInterfaceOrientationPortrait UIInterfaceOrientationPortraitUpsideDown UIInterfaceOrientationLandscapeLeft UIInterfaceOrientationLandscapeRight";
				INFOPLIST_KEY_UISupportedInterfaceOrientations_iPhone = "UIInterfaceOrientationPortrait UIInterfaceOrientationLandscapeLeft UIInterfaceOrientationLandscapeRight";
				LD_RUNPATH_SEARCH_PATHS = (
					"$(inherited)",
					"@executable_path/Frameworks",
				);
				MARKETING_VERSION = 1.0;
				PRODUCT_BUNDLE_IDENTIFIER = com.raphael.viniciuss.RestaurantMenuApp;
				PRODUCT_NAME = "$(TARGET_NAME)";
				SWIFT_EMIT_LOC_STRINGS = YES;
				SWIFT_VERSION = 5.0;
				TARGETED_DEVICE_FAMILY = "1,2";
			};
			name = Release;
		};
		688B8928275F975F00A874AB /* Debug */ = {
			isa = XCBuildConfiguration;
			buildSettings = {
				ALWAYS_EMBED_SWIFT_STANDARD_LIBRARIES = YES;
				BUNDLE_LOADER = "$(TEST_HOST)";
				CODE_SIGN_STYLE = Automatic;
				CURRENT_PROJECT_VERSION = 1;
				DEVELOPMENT_TEAM = NRCKZ2X8HA;
				GENERATE_INFOPLIST_FILE = YES;
				IPHONEOS_DEPLOYMENT_TARGET = 15.0;
				LD_RUNPATH_SEARCH_PATHS = (
					"$(inherited)",
					"@executable_path/Frameworks",
					"@loader_path/Frameworks",
				);
				MARKETING_VERSION = 1.0;
				PRODUCT_BUNDLE_IDENTIFIER = com.raphael.viniciuss.RestaurantMenuAppTests;
				PRODUCT_NAME = "$(TARGET_NAME)";
				SWIFT_EMIT_LOC_STRINGS = NO;
				SWIFT_VERSION = 5.0;
				TARGETED_DEVICE_FAMILY = "1,2";
				TEST_HOST = "$(BUILT_PRODUCTS_DIR)/RestaurantMenuApp.app/RestaurantMenuApp";
			};
			name = Debug;
		};
		688B8929275F975F00A874AB /* Release */ = {
			isa = XCBuildConfiguration;
			buildSettings = {
				ALWAYS_EMBED_SWIFT_STANDARD_LIBRARIES = YES;
				BUNDLE_LOADER = "$(TEST_HOST)";
				CODE_SIGN_STYLE = Automatic;
				CURRENT_PROJECT_VERSION = 1;
				DEVELOPMENT_TEAM = NRCKZ2X8HA;
				GENERATE_INFOPLIST_FILE = YES;
				IPHONEOS_DEPLOYMENT_TARGET = 15.0;
				LD_RUNPATH_SEARCH_PATHS = (
					"$(inherited)",
					"@executable_path/Frameworks",
					"@loader_path/Frameworks",
				);
				MARKETING_VERSION = 1.0;
				PRODUCT_BUNDLE_IDENTIFIER = com.raphael.viniciuss.RestaurantMenuAppTests;
				PRODUCT_NAME = "$(TARGET_NAME)";
				SWIFT_EMIT_LOC_STRINGS = NO;
				SWIFT_VERSION = 5.0;
				TARGETED_DEVICE_FAMILY = "1,2";
				TEST_HOST = "$(BUILT_PRODUCTS_DIR)/RestaurantMenuApp.app/RestaurantMenuApp";
			};
			name = Release;
		};
		688B892B275F975F00A874AB /* Debug */ = {
			isa = XCBuildConfiguration;
			buildSettings = {
				ALWAYS_EMBED_SWIFT_STANDARD_LIBRARIES = YES;
				CODE_SIGN_STYLE = Automatic;
				CURRENT_PROJECT_VERSION = 1;
				DEVELOPMENT_TEAM = NRCKZ2X8HA;
				GENERATE_INFOPLIST_FILE = YES;
				LD_RUNPATH_SEARCH_PATHS = (
					"$(inherited)",
					"@executable_path/Frameworks",
					"@loader_path/Frameworks",
				);
				MARKETING_VERSION = 1.0;
				PRODUCT_BUNDLE_IDENTIFIER = com.raphael.viniciuss.RestaurantMenuAppUITests;
				PRODUCT_NAME = "$(TARGET_NAME)";
				SWIFT_EMIT_LOC_STRINGS = NO;
				SWIFT_VERSION = 5.0;
				TARGETED_DEVICE_FAMILY = "1,2";
				TEST_TARGET_NAME = RestaurantMenuApp;
			};
			name = Debug;
		};
		688B892C275F975F00A874AB /* Release */ = {
			isa = XCBuildConfiguration;
			buildSettings = {
				ALWAYS_EMBED_SWIFT_STANDARD_LIBRARIES = YES;
				CODE_SIGN_STYLE = Automatic;
				CURRENT_PROJECT_VERSION = 1;
				DEVELOPMENT_TEAM = NRCKZ2X8HA;
				GENERATE_INFOPLIST_FILE = YES;
				LD_RUNPATH_SEARCH_PATHS = (
					"$(inherited)",
					"@executable_path/Frameworks",
					"@loader_path/Frameworks",
				);
				MARKETING_VERSION = 1.0;
				PRODUCT_BUNDLE_IDENTIFIER = com.raphael.viniciuss.RestaurantMenuAppUITests;
				PRODUCT_NAME = "$(TARGET_NAME)";
				SWIFT_EMIT_LOC_STRINGS = NO;
				SWIFT_VERSION = 5.0;
				TARGETED_DEVICE_FAMILY = "1,2";
				TEST_TARGET_NAME = RestaurantMenuApp;
			};
			name = Release;
		};
/* End XCBuildConfiguration section */

/* Begin XCConfigurationList section */
		688B88F5275F975F00A874AB /* Build configuration list for PBXProject "RestaurantMenuApp" */ = {
			isa = XCConfigurationList;
			buildConfigurations = (
				688B8922275F975F00A874AB /* Debug */,
				688B8923275F975F00A874AB /* Release */,
			);
			defaultConfigurationIsVisible = 0;
			defaultConfigurationName = Release;
		};
		688B8924275F975F00A874AB /* Build configuration list for PBXNativeTarget "RestaurantMenuApp" */ = {
			isa = XCConfigurationList;
			buildConfigurations = (
				688B8925275F975F00A874AB /* Debug */,
				688B8926275F975F00A874AB /* Release */,
			);
			defaultConfigurationIsVisible = 0;
			defaultConfigurationName = Release;
		};
		688B8927275F975F00A874AB /* Build configuration list for PBXNativeTarget "RestaurantMenuAppTests" */ = {
			isa = XCConfigurationList;
			buildConfigurations = (
				688B8928275F975F00A874AB /* Debug */,
				688B8929275F975F00A874AB /* Release */,
			);
			defaultConfigurationIsVisible = 0;
			defaultConfigurationName = Release;
		};
		688B892A275F975F00A874AB /* Build configuration list for PBXNativeTarget "RestaurantMenuAppUITests" */ = {
			isa = XCConfigurationList;
			buildConfigurations = (
				688B892B275F975F00A874AB /* Debug */,
				688B892C275F975F00A874AB /* Release */,
			);
			defaultConfigurationIsVisible = 0;
			defaultConfigurationName = Release;
		};
/* End XCConfigurationList section */
	};
	rootObject = 688B88F2275F975F00A874AB /* Project object */;
}
